{
  "name": "vtex.buy-button",
  "version": "0.0.1",
  "lockfileVersion": 1,
  "requires": true,
  "dependencies": {
    "@vtex/styleguide": {
      "version": "2.0.0-rc.34",
      "resolved": "https://registry.npmjs.org/@vtex/styleguide/-/styleguide-2.0.0-rc.34.tgz",
      "integrity": "sha512-7qNEFtaBBUP2jmS5Y8ogAvp6Hi5pTJ1Qeeb36FEHl0/UOEKtf9Vx9XC7C1a7b1S7RXo1ccNyw5FegI5vUZxbPw==",
      "requires": {
        "react-responsive-modal": "2.0.1",
        "vtex-tachyons": "2.3.0"
      }
    },
    "asap": {
      "version": "2.0.6",
      "resolved": "https://registry.npmjs.org/asap/-/asap-2.0.6.tgz",
      "integrity": "sha1-5QNHYR1+aQlDIIu9r+vLwvuGbUY="
    },
    "brcast": {
      "version": "3.0.1",
      "resolved": "https://registry.npmjs.org/brcast/-/brcast-3.0.1.tgz",
      "integrity": "sha512-eI3yqf9YEqyGl9PCNTR46MGvDylGtaHjalcz6Q3fAPnP/PhpKkkve52vFdfGpwp4VUvK6LUr4TQN+2stCrEwTg=="
    },
    "can-use-dom": {
      "version": "0.1.0",
      "resolved": "https://registry.npmjs.org/can-use-dom/-/can-use-dom-0.1.0.tgz",
      "integrity": "sha1-IsxKNKCrxDlQ9CxkEQJKP2NmtFo="
    },
    "chain-function": {
      "version": "1.0.0",
      "resolved": "https://registry.npmjs.org/chain-function/-/chain-function-1.0.0.tgz",
      "integrity": "sha1-DUqzfn4Y6tC9xHuSB2QRjOWHM9w="
    },
    "classnames": {
      "version": "2.2.5",
      "resolved": "https://registry.npmjs.org/classnames/-/classnames-2.2.5.tgz",
      "integrity": "sha1-+zgB1FNGdknvNgPH1hoCvRKb3m0="
    },
    "core-js": {
      "version": "1.2.7",
      "resolved": "https://registry.npmjs.org/core-js/-/core-js-1.2.7.tgz",
      "integrity": "sha1-ZSKUwUZR2yj6k70tX/KYOk8IxjY="
    },
    "create-react-class": {
      "version": "15.6.3",
      "resolved": "https://registry.npmjs.org/create-react-class/-/create-react-class-15.6.3.tgz",
      "integrity": "sha512-M+/3Q6E6DLO6Yx3OwrWjwHBnvfXXYA7W+dFjt/ZDBemHO1DDZhsalX/NUtnTYclN6GfnBDRh4qRHjcDHmlJBJg==",
      "requires": {
        "fbjs": "0.8.16",
        "loose-envify": "1.3.1",
        "object-assign": "4.1.1"
      }
    },
    "css-vendor": {
      "version": "0.3.8",
      "resolved": "https://registry.npmjs.org/css-vendor/-/css-vendor-0.3.8.tgz",
      "integrity": "sha1-ZCHP0wNM5mT+dnOXL9ARn8KJQfo=",
      "requires": {
        "is-in-browser": "1.1.3"
      }
    },
    "dom-helpers": {
      "version": "3.3.1",
      "resolved": "https://registry.npmjs.org/dom-helpers/-/dom-helpers-3.3.1.tgz",
      "integrity": "sha512-2Sm+JaYn74OiTM2wHvxJOo3roiq/h25Yi69Fqk269cNUwIXsCvATB6CRSFC9Am/20G2b28hGv/+7NiWydIrPvg=="
    },
    "encoding": {
      "version": "0.1.12",
      "resolved": "https://registry.npmjs.org/encoding/-/encoding-0.1.12.tgz",
      "integrity": "sha1-U4tm8+5izRq1HsMjgp0flIDHS+s=",
      "requires": {
        "iconv-lite": "0.4.19"
      }
    },
    "enquire.js": {
      "version": "2.1.6",
      "resolved": "https://registry.npmjs.org/enquire.js/-/enquire.js-2.1.6.tgz",
      "integrity": "sha1-PoeAybi4NQhMP2DhZtvDwqPImBQ="
    },
    "fbjs": {
      "version": "0.8.16",
      "resolved": "https://registry.npmjs.org/fbjs/-/fbjs-0.8.16.tgz",
      "integrity": "sha1-XmdDL1UNxBtXK/VYR7ispk5TN9s=",
      "requires": {
        "core-js": "1.2.7",
        "isomorphic-fetch": "2.2.1",
        "loose-envify": "1.3.1",
        "object-assign": "4.1.1",
        "promise": "7.3.1",
        "setimmediate": "1.0.5",
        "ua-parser-js": "0.7.17"
      }
    },
    "hoist-non-react-statics": {
      "version": "2.5.0",
      "resolved": "https://registry.npmjs.org/hoist-non-react-statics/-/hoist-non-react-statics-2.5.0.tgz",
      "integrity": "sha512-6Bl6XsDT1ntE0lHbIhr4Kp2PGcleGZ66qu5Jqk8lc0Xc/IeG6gVLmwUGs/K0Us+L8VWoKgj0uWdPMataOsm31w=="
    },
    "hyphenate-style-name": {
      "version": "1.0.2",
      "resolved": "https://registry.npmjs.org/hyphenate-style-name/-/hyphenate-style-name-1.0.2.tgz",
      "integrity": "sha1-MRYKNpMK2vH8BMYHT360FGXU7Es="
    },
    "iconv-lite": {
      "version": "0.4.19",
      "resolved": "https://registry.npmjs.org/iconv-lite/-/iconv-lite-0.4.19.tgz",
      "integrity": "sha512-oTZqweIP51xaGPI4uPa56/Pri/480R+mo7SeU+YETByQNhDG55ycFyNLIgta9vXhILrxXDmF7ZGhqZIcuN0gJQ=="
    },
    "is-function": {
      "version": "1.0.1",
      "resolved": "https://registry.npmjs.org/is-function/-/is-function-1.0.1.tgz",
      "integrity": "sha1-Es+5i2W1fdPRk6MSH19uL0N2ArU="
    },
    "is-in-browser": {
      "version": "1.1.3",
      "resolved": "https://registry.npmjs.org/is-in-browser/-/is-in-browser-1.1.3.tgz",
      "integrity": "sha1-Vv9NtoOgeMYILrldrX3GLh0E+DU="
    },
    "is-plain-object": {
      "version": "2.0.4",
      "resolved": "https://registry.npmjs.org/is-plain-object/-/is-plain-object-2.0.4.tgz",
      "integrity": "sha512-h5PpgXkWitc38BBMYawTYMWJHFZJVnBquFE57xFpjB8pJFiF6gZ+bU+WyI/yqXiFR5mdLsgYNaPe8uao6Uv9Og==",
      "requires": {
        "isobject": "3.0.1"
      }
    },
    "is-stream": {
      "version": "1.1.0",
      "resolved": "https://registry.npmjs.org/is-stream/-/is-stream-1.1.0.tgz",
      "integrity": "sha1-EtSj3U5o4Lec6428hBc66A2RykQ="
    },
    "isobject": {
      "version": "3.0.1",
      "resolved": "https://registry.npmjs.org/isobject/-/isobject-3.0.1.tgz",
      "integrity": "sha1-TkMekrEalzFjaqH5yNHMvP2reN8="
    },
    "isomorphic-fetch": {
      "version": "2.2.1",
      "resolved": "https://registry.npmjs.org/isomorphic-fetch/-/isomorphic-fetch-2.2.1.tgz",
      "integrity": "sha1-YRrhrPFPXoH3KVB0coGf6XM1WKk=",
      "requires": {
        "node-fetch": "1.7.3",
        "whatwg-fetch": "2.0.4"
      }
    },
    "js-tokens": {
      "version": "3.0.2",
      "resolved": "https://registry.npmjs.org/js-tokens/-/js-tokens-3.0.2.tgz",
      "integrity": "sha1-mGbfOVECEw449/mWvOtlRDIJwls="
    },
    "json2mq": {
      "version": "0.2.0",
      "resolved": "https://registry.npmjs.org/json2mq/-/json2mq-0.2.0.tgz",
      "integrity": "sha1-tje9O6nqvhIsg+lyBIOusQ0skEo=",
      "requires": {
        "string-convert": "0.2.1"
      }
    },
    "jss": {
      "version": "9.8.1",
      "resolved": "https://registry.npmjs.org/jss/-/jss-9.8.1.tgz",
      "integrity": "sha512-a9dXInEPTRmdSmzw3LNhbAwdQVZgCRmFU7dFzrpLTMAcdolHXNamhxQ6J+PNIqUtWa9yRbZIzWX6aUlI55LZ/A==",
      "requires": {
        "is-in-browser": "1.1.3",
        "symbol-observable": "1.2.0",
        "warning": "3.0.0"
      }
    },
    "jss-camel-case": {
      "version": "6.1.0",
      "resolved": "https://registry.npmjs.org/jss-camel-case/-/jss-camel-case-6.1.0.tgz",
      "integrity": "sha512-HPF2Q7wmNW1t79mCqSeU2vdd/vFFGpkazwvfHMOhPlMgXrJDzdj9viA2SaHk9ZbD5pfL63a8ylp4++irYbbzMQ==",
      "requires": {
        "hyphenate-style-name": "1.0.2"
      }
    },
    "jss-compose": {
      "version": "5.0.0",
      "resolved": "https://registry.npmjs.org/jss-compose/-/jss-compose-5.0.0.tgz",
      "integrity": "sha512-YofRYuiA0+VbeOw0VjgkyO380sA4+TWDrW52nSluD9n+1FWOlDzNbgpZ/Sb3Y46+DcAbOS21W5jo6SAqUEiuwA==",
      "requires": {
        "warning": "3.0.0"
      }
    },
    "jss-default-unit": {
      "version": "8.0.2",
      "resolved": "https://registry.npmjs.org/jss-default-unit/-/jss-default-unit-8.0.2.tgz",
      "integrity": "sha512-WxNHrF/18CdoAGw2H0FqOEvJdREXVXLazn7PQYU7V6/BWkCV0GkmWsppNiExdw8dP4TU1ma1dT9zBNJ95feLmg=="
    },
    "jss-expand": {
      "version": "5.1.0",
      "resolved": "https://registry.npmjs.org/jss-expand/-/jss-expand-5.1.0.tgz",
      "integrity": "sha512-WTxmNipgj0V8kr8gc8Gc6Et7uQZH60H7FFNG9zZHjR6TPJoj7TDK+/EBxwRHtCRQD4B8RTwoa7MyEKD4ReKfXw=="
    },
    "jss-extend": {
      "version": "6.2.0",
      "resolved": "https://registry.npmjs.org/jss-extend/-/jss-extend-6.2.0.tgz",
      "integrity": "sha512-YszrmcB6o9HOsKPszK7NeDBNNjVyiW864jfoiHoMlgMIg2qlxKw70axZHqgczXHDcoyi/0/ikP1XaHDPRvYtEA==",
      "requires": {
        "warning": "3.0.0"
      }
    },
    "jss-global": {
      "version": "3.0.0",
      "resolved": "https://registry.npmjs.org/jss-global/-/jss-global-3.0.0.tgz",
      "integrity": "sha512-wxYn7vL+TImyQYGAfdplg7yaxnPQ9RaXY/cIA8hawaVnmmWxDHzBK32u1y+RAvWboa3lW83ya3nVZ/C+jyjZ5Q=="
    },
    "jss-nested": {
      "version": "6.0.1",
      "resolved": "https://registry.npmjs.org/jss-nested/-/jss-nested-6.0.1.tgz",
      "integrity": "sha512-rn964TralHOZxoyEgeq3hXY8hyuCElnvQoVrQwKHVmu55VRDd6IqExAx9be5HgK0yN/+hQdgAXQl/GUrBbbSTA==",
      "requires": {
        "warning": "3.0.0"
      }
    },
    "jss-preset-default": {
      "version": "4.3.0",
      "resolved": "https://registry.npmjs.org/jss-preset-default/-/jss-preset-default-4.3.0.tgz",
      "integrity": "sha512-3VqMmR07OkiGyVPHfke/sjR33kSyRVjIE/3+bGgJ9Pp1jMIAPIDDY3h3wfEwa97DFV25SncTrNjjIgBFVCb4BA==",
      "requires": {
        "jss-camel-case": "6.1.0",
        "jss-compose": "5.0.0",
        "jss-default-unit": "8.0.2",
        "jss-expand": "5.1.0",
        "jss-extend": "6.2.0",
        "jss-global": "3.0.0",
        "jss-nested": "6.0.1",
        "jss-props-sort": "6.0.0",
        "jss-template": "1.0.1",
        "jss-vendor-prefixer": "7.0.0"
      }
    },
    "jss-props-sort": {
      "version": "6.0.0",
      "resolved": "https://registry.npmjs.org/jss-props-sort/-/jss-props-sort-6.0.0.tgz",
      "integrity": "sha512-E89UDcrphmI0LzmvYk25Hp4aE5ZBsXqMWlkFXS0EtPkunJkRr+WXdCNYbXbksIPnKlBenGB9OxzQY+mVc70S+g=="
    },
    "jss-template": {
      "version": "1.0.1",
      "resolved": "https://registry.npmjs.org/jss-template/-/jss-template-1.0.1.tgz",
      "integrity": "sha512-m5BqEWha17fmIVXm1z8xbJhY6GFJxNB9H68GVnCWPyGYfxiAgY9WTQyvDAVj+pYRgrXSOfN5V1T4+SzN1sJTeg==",
      "requires": {
        "warning": "3.0.0"
      }
    },
    "jss-vendor-prefixer": {
      "version": "7.0.0",
      "resolved": "https://registry.npmjs.org/jss-vendor-prefixer/-/jss-vendor-prefixer-7.0.0.tgz",
      "integrity": "sha512-Agd+FKmvsI0HLcYXkvy8GYOw3AAASBUpsmIRvVQheps+JWaN892uFOInTr0DRydwaD91vSSUCU4NssschvF7MA==",
      "requires": {
        "css-vendor": "0.3.8"
      }
    },
    "loose-envify": {
      "version": "1.3.1",
      "resolved": "https://registry.npmjs.org/loose-envify/-/loose-envify-1.3.1.tgz",
      "integrity": "sha1-0aitM/qc4OcT1l/dCsi3SNR4yEg=",
      "requires": {
        "js-tokens": "3.0.2"
      }
    },
    "no-scroll": {
      "version": "2.1.0",
      "resolved": "https://registry.npmjs.org/no-scroll/-/no-scroll-2.1.0.tgz",
      "integrity": "sha1-+GQ7PdtqO/lEMOX/MdJvIdCCppU="
    },
    "node-fetch": {
      "version": "1.7.3",
      "resolved": "https://registry.npmjs.org/node-fetch/-/node-fetch-1.7.3.tgz",
      "integrity": "sha512-NhZ4CsKx7cYm2vSrBAr2PvFOe6sWDf0UYLRqA6svUYg7+/TSfVAu49jYC4BvQ4Sms9SZgdqGBgroqfDhJdTyKQ==",
      "requires": {
        "encoding": "0.1.12",
        "is-stream": "1.1.0"
      }
    },
    "object-assign": {
      "version": "4.1.1",
      "resolved": "https://registry.npmjs.org/object-assign/-/object-assign-4.1.1.tgz",
      "integrity": "sha1-IQmtx5ZYh8/AXLvUQsrIv7s2CGM="
    },
    "promise": {
      "version": "7.3.1",
      "resolved": "https://registry.npmjs.org/promise/-/promise-7.3.1.tgz",
      "integrity": "sha512-nolQXZ/4L+bP/UGlkfaIujX9BKxGwmQ9OT4mOt5yvy8iK1h3wqTEJCijzGANTCCl9nWjY41juyAn2K3Q1hLLTg==",
      "requires": {
        "asap": "2.0.6"
      }
    },
    "prop-types": {
      "version": "15.6.1",
      "resolved": "https://registry.npmjs.org/prop-types/-/prop-types-15.6.1.tgz",
      "integrity": "sha512-4ec7bY1Y66LymSUOH/zARVYObB23AT2h8cf6e/O6ZALB/N0sqZFEx7rq6EYPX2MkOdKORuooI/H5k9TlR4q7kQ==",
      "requires": {
        "fbjs": "0.8.16",
        "loose-envify": "1.3.1",
        "object-assign": "4.1.1"
      }
    },
    "react-jss": {
      "version": "8.4.0",
      "resolved": "https://registry.npmjs.org/react-jss/-/react-jss-8.4.0.tgz",
      "integrity": "sha512-yIi4udcTIIh5u4KJ47wsL3UZYMuSrp5xR1YBvPeRNshpCdRoJxt5BWmCu1RA3LIa+//dnRsAtAQmMAYeg1W9oQ==",
      "requires": {
        "hoist-non-react-statics": "2.5.0",
        "jss": "9.8.1",
        "jss-preset-default": "4.3.0",
        "prop-types": "15.6.1",
        "theming": "1.3.0"
      }
    },
    "react-minimalist-portal": {
      "version": "2.1.1",
      "resolved": "https://registry.npmjs.org/react-minimalist-portal/-/react-minimalist-portal-2.1.1.tgz",
      "integrity": "sha512-GWt21V++QydysDYPQC38dzbaME6QKlBd7QkFV7d7tYD/U7C8YKEYcPXLwN07mezKk9EzTB+UrckO4VYsxmcL9A==",
      "requires": {
        "prop-types": "15.6.1"
      }
    },
    "react-responsive-modal": {
      "version": "2.0.1",
      "resolved": "https://registry.npmjs.org/react-responsive-modal/-/react-responsive-modal-2.0.1.tgz",
      "integrity": "sha512-tsbePbALzIUFOESbiUPDn6KvRy7jLBVTLwuRZ8UnfxC8/SU1fafRbxkmSQ2fXt6f+cJc2RGnIB+sBxc3bVebHw==",
      "requires": {
        "classnames": "2.2.5",
        "no-scroll": "2.1.0",
        "prop-types": "15.6.1",
        "react-jss": "8.4.0",
        "react-minimalist-portal": "2.1.1",
        "react-transition-group": "2.3.0"
      }
    },
    "react-slick": {
      "version": "0.22.3",
      "resolved": "https://registry.npmjs.org/react-slick/-/react-slick-0.22.3.tgz",
      "integrity": "sha512-4u8/98/2BqdDkLSl3ovKlM+EamzAzAQlZozSZ7WIuw7TnlTFboFR/ntgU0JCnIRSeSj6S5pIa0gxXL8v5XSzfg==",
      "requires": {
        "can-use-dom": "0.1.0",
        "classnames": "2.2.5",
        "create-react-class": "15.6.3",
        "enquire.js": "2.1.6",
        "json2mq": "0.2.0",
        "resize-observer-polyfill": "1.5.0"
      }
    },
    "react-transition-group": {
      "version": "2.3.0",
      "resolved": "https://registry.npmjs.org/react-transition-group/-/react-transition-group-2.3.0.tgz",
      "integrity": "sha512-OU3/swEL8y233u5ajTn3FIcQQ/b3XWjLXB6e2LnM1OK5JATtsyfJvPTZ8c/dawHNqjUltcdHRSpgMtPe7v07pw==",
      "requires": {
        "chain-function": "1.0.0",
        "dom-helpers": "3.3.1",
        "loose-envify": "1.3.1",
        "prop-types": "15.6.1",
        "warning": "3.0.0"
      }
    },
    "resize-observer-polyfill": {
      "version": "1.5.0",
      "resolved": "https://registry.npmjs.org/resize-observer-polyfill/-/resize-observer-polyfill-1.5.0.tgz",
      "integrity": "sha512-M2AelyJDVR/oLnToJLtuDJRBBWUGUvvGigj1411hXhAdyFWqMaqHp7TixW3FpiLuVaikIcR1QL+zqoJoZlOgpg=="
    },
    "setimmediate": {
      "version": "1.0.5",
      "resolved": "https://registry.npmjs.org/setimmediate/-/setimmediate-1.0.5.tgz",
      "integrity": "sha1-KQy7Iy4waULX1+qbg3Mqt4VvgoU="
    },
    "slick-carousel": {
      "version": "1.8.1",
      "resolved": "https://registry.npmjs.org/slick-carousel/-/slick-carousel-1.8.1.tgz",
      "integrity": "sha512-XB9Ftrf2EEKfzoQXt3Nitrt/IPbT+f1fgqBdoxO3W/+JYvtEOW6EgxnWfr9GH6nmULv7Y2tPmEX3koxThVmebA=="
    },
    "string-convert": {
      "version": "0.2.1",
      "resolved": "https://registry.npmjs.org/string-convert/-/string-convert-0.2.1.tgz",
      "integrity": "sha1-aYLMMEn7tM2F+LJFaLnZvznu/5c="
    },
    "symbol-observable": {
      "version": "1.2.0",
      "resolved": "https://registry.npmjs.org/symbol-observable/-/symbol-observable-1.2.0.tgz",
      "integrity": "sha512-e900nM8RRtGhlV36KGEU9k65K3mPb1WV70OdjfxlG2EAuM1noi/E/BaW/uMhL7bPEssK8QV57vN3esixjUvcXQ=="
    },
    "theming": {
      "version": "1.3.0",
      "resolved": "https://registry.npmjs.org/theming/-/theming-1.3.0.tgz",
      "integrity": "sha512-ya5Ef7XDGbTPBv5ENTwrwkPUexrlPeiAg/EI9kdlUAZhNlRbCdhMKRgjNX1IcmsmiPcqDQZE6BpSaH+cr31FKw==",
      "requires": {
        "brcast": "3.0.1",
        "is-function": "1.0.1",
        "is-plain-object": "2.0.4",
        "prop-types": "15.6.1"
      }
    },
    "ua-parser-js": {
      "version": "0.7.17",
      "resolved": "https://registry.npmjs.org/ua-parser-js/-/ua-parser-js-0.7.17.tgz",
      "integrity": "sha512-uRdSdu1oA1rncCQL7sCj8vSyZkgtL7faaw9Tc9rZ3mGgraQ7+Pdx7w5mnOSF3gw9ZNG6oc+KXfkon3bKuROm0g=="
    },
    "vtex-tachyons": {
      "version": "2.3.0",
      "resolved": "https://registry.npmjs.org/vtex-tachyons/-/vtex-tachyons-2.3.0.tgz",
      "integrity": "sha512-b3nzX9EIjGM3sQet66OavwiKCK8Ny7cDU5DEoAD9xlVmDxd2QgwizzLttTF4BRqNj5G5myBKxws6yTSCShHCHg=="
    },
    "warning": {
      "version": "3.0.0",
      "resolved": "https://registry.npmjs.org/warning/-/warning-3.0.0.tgz",
      "integrity": "sha1-MuU3fLVy3kqwR1O9+IIcAe1gW3w=",
      "requires": {
        "loose-envify": "1.3.1"
      }
    },
    "whatwg-fetch": {
      "version": "2.0.4",
      "resolved": "https://registry.npmjs.org/whatwg-fetch/-/whatwg-fetch-2.0.4.tgz",
      "integrity": "sha512-dcQ1GWpOD/eEQ97k66aiEVpNnapVj90/+R+SXTPYGHpYBBypfKJEQjLrvMZ7YXbKm21gXd4NcuxUTjiv1YtLng=="
    }
  }
}
