# THIS IS AN AUTOGENERATED FILE. DO NOT EDIT THIS FILE DIRECTLY.
# yarn lockfile v1


"@types/async@2.0.47":
  version "2.0.47"
  resolved "https://registry.yarnpkg.com/@types/async/-/async-2.0.47.tgz#f49ba1dd1f189486beb6e1d070a850f6ab4bd521"

"@types/graphql@0.12.6":
  version "0.12.6"
  resolved "https://registry.yarnpkg.com/@types/graphql/-/graphql-0.12.6.tgz#3d619198585fcabe5f4e1adfb5cf5f3388c66c13"

"@types/node@*":
  version "10.1.2"
  resolved "https://registry.yarnpkg.com/@types/node/-/node-10.1.2.tgz#1b928a0baa408fc8ae3ac012cc81375addc147c6"

"@types/zen-observable@^0.5.3":
  version "0.5.3"
  resolved "https://registry.yarnpkg.com/@types/zen-observable/-/zen-observable-0.5.3.tgz#91b728599544efbb7386d8b6633693a3c2e7ade5"

"@vtex/styleguide@~2.3.0":
  version "2.3.0"
  resolved "https://registry.yarnpkg.com/@vtex/styleguide/-/styleguide-2.3.0.tgz#2f43d9c5aef58af56457c12d069c839c0497f0e0"
  dependencies:
    react-responsive-modal "^2.0.1"
    vtex-tachyons "^2.3.0"

apollo-cache@^1.1.7:
  version "1.1.8"
  resolved "https://registry.yarnpkg.com/apollo-cache/-/apollo-cache-1.1.8.tgz#b078d33dec876d52b5a81a325d3c254d4e362d3c"
  dependencies:
    apollo-utilities "^1.0.12"

apollo-client@~2.2.3:
  version "2.2.8"
  resolved "https://registry.yarnpkg.com/apollo-client/-/apollo-client-2.2.8.tgz#b604d31ab2d2dd00db3105d8793b93ee02ce567e"
  dependencies:
    "@types/zen-observable" "^0.5.3"
    apollo-cache "^1.1.7"
    apollo-link "^1.0.0"
    apollo-link-dedup "^1.0.0"
    apollo-utilities "^1.0.11"
    symbol-observable "^1.0.2"
    zen-observable "^0.7.0"
  optionalDependencies:
    "@types/async" "2.0.47"

apollo-link-dedup@^1.0.0:
  version "1.0.9"
  resolved "https://registry.yarnpkg.com/apollo-link-dedup/-/apollo-link-dedup-1.0.9.tgz#3c4e4af88ef027cbddfdb857c043fd0574051dad"
  dependencies:
    apollo-link "^1.2.2"

apollo-link@^1.0.0, apollo-link@^1.2.2:
  version "1.2.2"
  resolved "https://registry.yarnpkg.com/apollo-link/-/apollo-link-1.2.2.tgz#54c84199b18ac1af8d63553a68ca389c05217a03"
  dependencies:
    "@types/graphql" "0.12.6"
    apollo-utilities "^1.0.0"
    zen-observable-ts "^0.8.9"

apollo-utilities@^1.0.0, apollo-utilities@^1.0.11, apollo-utilities@^1.0.12:
  version "1.0.12"
  resolved "https://registry.yarnpkg.com/apollo-utilities/-/apollo-utilities-1.0.12.tgz#9e2b2a34cf89f3bf0d73a664effd8c1bb5d1b7f7"

asap@~2.0.3:
  version "2.0.6"
  resolved "https://registry.yarnpkg.com/asap/-/asap-2.0.6.tgz#e50347611d7e690943208bbdafebcbc2fb866d46"

babel-runtime@^6.6.1:
  version "6.26.0"
  resolved "https://registry.yarnpkg.com/babel-runtime/-/babel-runtime-6.26.0.tgz#965c7058668e82b55d7bfe04ff2337bc8b5647fe"
  dependencies:
    core-js "^2.4.0"
    regenerator-runtime "^0.11.0"

boolbase@~1.0.0:
  version "1.0.0"
  resolved "https://registry.yarnpkg.com/boolbase/-/boolbase-1.0.0.tgz#68dff5fbe60c51eb37725ea9e3ed310dcc1e776e"

brcast@^3.0.1:
  version "3.0.1"
  resolved "https://registry.yarnpkg.com/brcast/-/brcast-3.0.1.tgz#6256a8349b20de9eed44257a9b24d71493cd48dd"

cheerio@^1.0.0-rc.2:
  version "1.0.0-rc.2"
  resolved "https://registry.yarnpkg.com/cheerio/-/cheerio-1.0.0-rc.2.tgz#4b9f53a81b27e4d5dac31c0ffd0cfa03cc6830db"
  dependencies:
    css-select "~1.2.0"
    dom-serializer "~0.1.0"
    entities "~1.1.1"
    htmlparser2 "^3.9.1"
    lodash "^4.15.0"
    parse5 "^3.0.1"

classnames@^2.2.5:
  version "2.2.5"
  resolved "https://registry.yarnpkg.com/classnames/-/classnames-2.2.5.tgz#fb3801d453467649ef3603c7d61a02bd129bde6d"

colors@0.5.x:
  version "0.5.1"
  resolved "https://registry.yarnpkg.com/colors/-/colors-0.5.1.tgz#7d0023eaeb154e8ee9fce75dcb923d0ed1667774"

core-js@^1.0.0:
  version "1.2.7"
  resolved "https://registry.yarnpkg.com/core-js/-/core-js-1.2.7.tgz#652294c14651db28fa93bd2d5ff2983a4f08c636"

core-js@^2.4.0:
  version "2.5.6"
  resolved "https://registry.yarnpkg.com/core-js/-/core-js-2.5.6.tgz#0fe6d45bf3cac3ac364a9d72de7576f4eb221b9d"

core-util-is@~1.0.0:
  version "1.0.2"
  resolved "https://registry.yarnpkg.com/core-util-is/-/core-util-is-1.0.2.tgz#b5fd54220aa2bc5ab57aab7140c940754503c1a7"

css-select@~1.2.0:
  version "1.2.0"
  resolved "https://registry.yarnpkg.com/css-select/-/css-select-1.2.0.tgz#2b3a110539c5355f1cd8d314623e870b121ec858"
  dependencies:
    boolbase "~1.0.0"
    css-what "2.1"
    domutils "1.5.1"
    nth-check "~1.0.1"

css-vendor@^0.3.8:
  version "0.3.8"
  resolved "https://registry.yarnpkg.com/css-vendor/-/css-vendor-0.3.8.tgz#6421cfd3034ce664fe7673972fd0119fc28941fa"
  dependencies:
    is-in-browser "^1.0.2"

css-what@2.1:
  version "2.1.0"
  resolved "https://registry.yarnpkg.com/css-what/-/css-what-2.1.0.tgz#9467d032c38cfaefb9f2d79501253062f87fa1bd"

curry@0.0.x:
  version "0.0.4"
  resolved "https://registry.yarnpkg.com/curry/-/curry-0.0.4.tgz#1750d518d919c44f3d37ff44edc693de1f0d5fcb"

debug@^2.1.3:
  version "2.6.9"
  resolved "https://registry.yarnpkg.com/debug/-/debug-2.6.9.tgz#5d128515df134ff327e90a4c93f4e077a536341f"
  dependencies:
    ms "2.0.0"

define-properties@^1.1.2:
  version "1.1.2"
  resolved "https://registry.yarnpkg.com/define-properties/-/define-properties-1.1.2.tgz#83a73f2fea569898fb737193c8f873caf6d45c94"
  dependencies:
    foreach "^2.0.5"
    object-keys "^1.0.8"

discontinuous-range@1.0.0:
  version "1.0.0"
  resolved "https://registry.yarnpkg.com/discontinuous-range/-/discontinuous-range-1.0.0.tgz#e38331f0844bba49b9a9cb71c771585aab1bc65a"

dom-helpers@^3.3.1:
  version "3.3.1"
  resolved "https://registry.yarnpkg.com/dom-helpers/-/dom-helpers-3.3.1.tgz#fc1a4e15ffdf60ddde03a480a9c0fece821dd4a6"

dom-serializer@0, dom-serializer@~0.1.0:
  version "0.1.0"
  resolved "https://registry.yarnpkg.com/dom-serializer/-/dom-serializer-0.1.0.tgz#073c697546ce0780ce23be4a28e293e40bc30c82"
  dependencies:
    domelementtype "~1.1.1"
    entities "~1.1.1"

domelementtype@1, domelementtype@^1.3.0:
  version "1.3.0"
  resolved "https://registry.yarnpkg.com/domelementtype/-/domelementtype-1.3.0.tgz#b17aed82e8ab59e52dd9c19b1756e0fc187204c2"

domelementtype@~1.1.1:
  version "1.1.3"
  resolved "https://registry.yarnpkg.com/domelementtype/-/domelementtype-1.1.3.tgz#bd28773e2642881aec51544924299c5cd822185b"

domhandler@^2.3.0:
  version "2.4.2"
  resolved "https://registry.yarnpkg.com/domhandler/-/domhandler-2.4.2.tgz#8805097e933d65e85546f726d60f5eb88b44f803"
  dependencies:
    domelementtype "1"

domutils@1.5.1:
  version "1.5.1"
  resolved "https://registry.yarnpkg.com/domutils/-/domutils-1.5.1.tgz#dcd8488a26f563d61079e48c9f7b7e32373682cf"
  dependencies:
    dom-serializer "0"
    domelementtype "1"

domutils@^1.5.1:
  version "1.7.0"
  resolved "https://registry.yarnpkg.com/domutils/-/domutils-1.7.0.tgz#56ea341e834e06e6748af7a1cb25da67ea9f8c2a"
  dependencies:
    dom-serializer "0"
    domelementtype "1"

downshift@^1.31.14:
  version "1.31.14"
  resolved "https://registry.yarnpkg.com/downshift/-/downshift-1.31.14.tgz#98b04614cad2abc4297d0d02b50ff2c48b2625e7"

encoding@^0.1.11:
  version "0.1.12"
  resolved "https://registry.yarnpkg.com/encoding/-/encoding-0.1.12.tgz#538b66f3ee62cd1ab51ec323829d1f9480c74beb"
  dependencies:
    iconv-lite "~0.4.13"

enquire.js@^2.1.6:
  version "2.1.6"
  resolved "https://registry.yarnpkg.com/enquire.js/-/enquire.js-2.1.6.tgz#3e8780c9b8b835084c3f60e166dbc3c2a3c89814"

entities@^1.1.1, entities@~1.1.1:
  version "1.1.1"
  resolved "https://registry.yarnpkg.com/entities/-/entities-1.1.1.tgz#6e5c2d0a5621b5dadaecef80b90edfb5cd7772f0"

enzyme-adapter-react-16@^1.1.1:
  version "1.1.1"
  resolved "https://registry.yarnpkg.com/enzyme-adapter-react-16/-/enzyme-adapter-react-16-1.1.1.tgz#a8f4278b47e082fbca14f5bfb1ee50ee650717b4"
  dependencies:
    enzyme-adapter-utils "^1.3.0"
    lodash "^4.17.4"
    object.assign "^4.0.4"
    object.values "^1.0.4"
    prop-types "^15.6.0"
    react-reconciler "^0.7.0"
    react-test-renderer "^16.0.0-0"

enzyme-adapter-utils@^1.3.0:
  version "1.3.0"
  resolved "https://registry.yarnpkg.com/enzyme-adapter-utils/-/enzyme-adapter-utils-1.3.0.tgz#d6c85756826c257a8544d362cc7a67e97ea698c7"
  dependencies:
    lodash "^4.17.4"
    object.assign "^4.0.4"
    prop-types "^15.6.0"

enzyme@^3.3.0:
  version "3.3.0"
  resolved "https://registry.yarnpkg.com/enzyme/-/enzyme-3.3.0.tgz#0971abd167f2d4bf3f5bd508229e1c4b6dc50479"
  dependencies:
    cheerio "^1.0.0-rc.2"
    function.prototype.name "^1.0.3"
    has "^1.0.1"
    is-boolean-object "^1.0.0"
    is-callable "^1.1.3"
    is-number-object "^1.0.3"
    is-string "^1.0.4"
    is-subset "^0.1.1"
    lodash "^4.17.4"
    object-inspect "^1.5.0"
    object-is "^1.0.1"
    object.assign "^4.1.0"
    object.entries "^1.0.4"
    object.values "^1.0.4"
    raf "^3.4.0"
    rst-selector-parser "^2.2.3"

es-abstract@^1.6.1:
  version "1.11.0"
  resolved "https://registry.yarnpkg.com/es-abstract/-/es-abstract-1.11.0.tgz#cce87d518f0496893b1a30cd8461835535480681"
  dependencies:
    es-to-primitive "^1.1.1"
    function-bind "^1.1.1"
    has "^1.0.1"
    is-callable "^1.1.3"
    is-regex "^1.0.4"

es-to-primitive@^1.1.1:
  version "1.1.1"
  resolved "https://registry.yarnpkg.com/es-to-primitive/-/es-to-primitive-1.1.1.tgz#45355248a88979034b6792e19bb81f2b7975dd0d"
  dependencies:
    is-callable "^1.1.1"
    is-date-object "^1.0.1"
    is-symbol "^1.0.1"

fbjs@^0.8.16:
  version "0.8.16"
  resolved "https://registry.yarnpkg.com/fbjs/-/fbjs-0.8.16.tgz#5e67432f550dc41b572bf55847b8aca64e5337db"
  dependencies:
    core-js "^1.0.0"
    isomorphic-fetch "^2.1.1"
    loose-envify "^1.0.0"
    object-assign "^4.1.0"
    promise "^7.1.1"
    setimmediate "^1.0.5"
    ua-parser-js "^0.7.9"

foreach@^2.0.5:
  version "2.0.5"
  resolved "https://registry.yarnpkg.com/foreach/-/foreach-2.0.5.tgz#0bee005018aeb260d0a3af3ae658dd0136ec1b99"

function-bind@^1.0.2, function-bind@^1.1.0, function-bind@^1.1.1:
  version "1.1.1"
  resolved "https://registry.yarnpkg.com/function-bind/-/function-bind-1.1.1.tgz#a56899d3ea3c9bab874bb9773b7c5ede92f4895d"

function.prototype.name@^1.0.3:
  version "1.1.0"
  resolved "https://registry.yarnpkg.com/function.prototype.name/-/function.prototype.name-1.1.0.tgz#8bd763cc0af860a859cc5d49384d74b932cd2327"
  dependencies:
    define-properties "^1.1.2"
    function-bind "^1.1.1"
    is-callable "^1.1.3"

graphql-tag@~2.8.0:
  version "2.8.0"
  resolved "https://registry.yarnpkg.com/graphql-tag/-/graphql-tag-2.8.0.tgz#52cdea07a842154ec11a2e840c11b977f9b835ce"

graphql@~0.13.2:
  version "0.13.2"
  resolved "https://registry.yarnpkg.com/graphql/-/graphql-0.13.2.tgz#4c740ae3c222823e7004096f832e7b93b2108270"
  dependencies:
    iterall "^1.2.1"

has-symbols@^1.0.0:
  version "1.0.0"
  resolved "https://registry.yarnpkg.com/has-symbols/-/has-symbols-1.0.0.tgz#ba1a8f1af2a0fc39650f5c850367704122063b44"

has@^1.0.1:
  version "1.0.1"
  resolved "https://registry.yarnpkg.com/has/-/has-1.0.1.tgz#8461733f538b0837c9361e39a9ab9e9704dc2f28"
  dependencies:
    function-bind "^1.0.2"

hoist-non-react-statics@^2.3.1, hoist-non-react-statics@^2.5.0:
  version "2.5.0"
  resolved "https://registry.yarnpkg.com/hoist-non-react-statics/-/hoist-non-react-statics-2.5.0.tgz#d2ca2dfc19c5a91c5a6615ce8e564ef0347e2a40"

htmlparser2@^3.9.1:
  version "3.9.2"
  resolved "https://registry.yarnpkg.com/htmlparser2/-/htmlparser2-3.9.2.tgz#1bdf87acca0f3f9e53fa4fcceb0f4b4cbb00b338"
  dependencies:
    domelementtype "^1.3.0"
    domhandler "^2.3.0"
    domutils "^1.5.1"
    entities "^1.1.1"
    inherits "^2.0.1"
    readable-stream "^2.0.2"

hyphenate-style-name@^1.0.2:
  version "1.0.2"
  resolved "https://registry.yarnpkg.com/hyphenate-style-name/-/hyphenate-style-name-1.0.2.tgz#31160a36930adaf1fc04c6074f7eb41465d4ec4b"

iconv-lite@~0.4.13:
  version "0.4.23"
  resolved "https://registry.yarnpkg.com/iconv-lite/-/iconv-lite-0.4.23.tgz#297871f63be507adcfbfca715d0cd0eed84e9a63"
  dependencies:
    safer-buffer ">= 2.1.2 < 3"

inherits@^2.0.1, inherits@~2.0.3:
  version "2.0.3"
  resolved "https://registry.yarnpkg.com/inherits/-/inherits-2.0.3.tgz#633c2c83e3da42a502f52466022480f4208261de"

intl-format-cache@^2.0.5:
  version "2.1.0"
  resolved "https://registry.yarnpkg.com/intl-format-cache/-/intl-format-cache-2.1.0.tgz#04a369fecbfad6da6005bae1f14333332dcf9316"

intl-messageformat-parser@1.4.0:
  version "1.4.0"
  resolved "https://registry.yarnpkg.com/intl-messageformat-parser/-/intl-messageformat-parser-1.4.0.tgz#b43d45a97468cadbe44331d74bb1e8dea44fc075"

intl-messageformat@^2.0.0, intl-messageformat@^2.1.0:
  version "2.2.0"
  resolved "https://registry.yarnpkg.com/intl-messageformat/-/intl-messageformat-2.2.0.tgz#345bcd46de630b7683330c2e52177ff5eab484fc"
  dependencies:
    intl-messageformat-parser "1.4.0"

intl-relativeformat@^2.0.0:
  version "2.1.0"
  resolved "https://registry.yarnpkg.com/intl-relativeformat/-/intl-relativeformat-2.1.0.tgz#010f1105802251f40ac47d0e3e1a201348a255df"
  dependencies:
    intl-messageformat "^2.0.0"

invariant@^2.1.1, invariant@^2.2.2:
  version "2.2.4"
  resolved "https://registry.yarnpkg.com/invariant/-/invariant-2.2.4.tgz#610f3c92c9359ce1db616e538008d23ff35158e6"
  dependencies:
    loose-envify "^1.0.0"

is-boolean-object@^1.0.0:
  version "1.0.0"
  resolved "https://registry.yarnpkg.com/is-boolean-object/-/is-boolean-object-1.0.0.tgz#98f8b28030684219a95f375cfbd88ce3405dff93"

is-callable@^1.1.1, is-callable@^1.1.3:
  version "1.1.3"
  resolved "https://registry.yarnpkg.com/is-callable/-/is-callable-1.1.3.tgz#86eb75392805ddc33af71c92a0eedf74ee7604b2"

is-date-object@^1.0.1:
  version "1.0.1"
  resolved "https://registry.yarnpkg.com/is-date-object/-/is-date-object-1.0.1.tgz#9aa20eb6aeebbff77fbd33e74ca01b33581d3a16"

is-function@^1.0.1:
  version "1.0.1"
  resolved "https://registry.yarnpkg.com/is-function/-/is-function-1.0.1.tgz#12cfb98b65b57dd3d193a3121f5f6e2f437602b5"

is-in-browser@^1.0.2, is-in-browser@^1.1.3:
  version "1.1.3"
  resolved "https://registry.yarnpkg.com/is-in-browser/-/is-in-browser-1.1.3.tgz#56ff4db683a078c6082eb95dad7dc62e1d04f835"

is-number-object@^1.0.3:
  version "1.0.3"
  resolved "https://registry.yarnpkg.com/is-number-object/-/is-number-object-1.0.3.tgz#f265ab89a9f445034ef6aff15a8f00b00f551799"

is-plain-object@^2.0.1:
  version "2.0.4"
  resolved "https://registry.yarnpkg.com/is-plain-object/-/is-plain-object-2.0.4.tgz#2c163b3fafb1b606d9d17928f05c2a1c38e07677"
  dependencies:
    isobject "^3.0.1"

is-regex@^1.0.4:
  version "1.0.4"
  resolved "https://registry.yarnpkg.com/is-regex/-/is-regex-1.0.4.tgz#5517489b547091b0930e095654ced25ee97e9491"
  dependencies:
    has "^1.0.1"

is-stream@^1.0.1:
  version "1.1.0"
  resolved "https://registry.yarnpkg.com/is-stream/-/is-stream-1.1.0.tgz#12d4a3dd4e68e0b79ceb8dbc84173ae80d91ca44"

is-string@^1.0.4:
  version "1.0.4"
  resolved "https://registry.yarnpkg.com/is-string/-/is-string-1.0.4.tgz#cc3a9b69857d621e963725a24caeec873b826e64"

is-subset@^0.1.1:
  version "0.1.1"
  resolved "https://registry.yarnpkg.com/is-subset/-/is-subset-0.1.1.tgz#8a59117d932de1de00f245fcdd39ce43f1e939a6"

is-symbol@^1.0.1:
  version "1.0.1"
  resolved "https://registry.yarnpkg.com/is-symbol/-/is-symbol-1.0.1.tgz#3cc59f00025194b6ab2e38dbae6689256b660572"

isarray@~1.0.0:
  version "1.0.0"
  resolved "https://registry.yarnpkg.com/isarray/-/isarray-1.0.0.tgz#bb935d48582cba168c06834957a54a3e07124f11"

isobject@^3.0.1:
  version "3.0.1"
  resolved "https://registry.yarnpkg.com/isobject/-/isobject-3.0.1.tgz#4e431e92b11a9731636aa1f9c8d1ccbcfdab78df"

isomorphic-fetch@^2.1.1:
  version "2.2.1"
  resolved "https://registry.yarnpkg.com/isomorphic-fetch/-/isomorphic-fetch-2.2.1.tgz#611ae1acf14f5e81f729507472819fe9733558a9"
  dependencies:
    node-fetch "^1.0.1"
    whatwg-fetch ">=0.10.0"

iterall@^1.2.1:
  version "1.2.2"
  resolved "https://registry.yarnpkg.com/iterall/-/iterall-1.2.2.tgz#92d70deb8028e0c39ff3164fdbf4d8b088130cd7"

js-tokens@^3.0.0:
  version "3.0.2"
  resolved "https://registry.yarnpkg.com/js-tokens/-/js-tokens-3.0.2.tgz#9866df395102130e38f7f996bceb65443209c25b"

json2mq@^0.2.0:
  version "0.2.0"
  resolved "https://registry.yarnpkg.com/json2mq/-/json2mq-0.2.0.tgz#b637bd3ba9eabe122c83e9720483aeb10d2c904a"
  dependencies:
    string-convert "^0.2.0"

jsonp@^0.2.1:
  version "0.2.1"
  resolved "https://registry.yarnpkg.com/jsonp/-/jsonp-0.2.1.tgz#a65b4fa0f10bda719a05441ea7b94c55f3e15bae"
  dependencies:
    debug "^2.1.3"

jss-camel-case@^6.1.0:
  version "6.1.0"
  resolved "https://registry.yarnpkg.com/jss-camel-case/-/jss-camel-case-6.1.0.tgz#ccb1ff8d6c701c02a1fed6fb6fb6b7896e11ce44"
  dependencies:
    hyphenate-style-name "^1.0.2"

jss-compose@^5.0.0:
  version "5.0.0"
  resolved "https://registry.yarnpkg.com/jss-compose/-/jss-compose-5.0.0.tgz#ce01b2e4521d65c37ea42cf49116e5f7ab596484"
  dependencies:
    warning "^3.0.0"

jss-default-unit@^8.0.2:
  version "8.0.2"
  resolved "https://registry.yarnpkg.com/jss-default-unit/-/jss-default-unit-8.0.2.tgz#cc1e889bae4c0b9419327b314ab1c8e2826890e6"

jss-expand@^5.3.0:
  version "5.3.0"
  resolved "https://registry.yarnpkg.com/jss-expand/-/jss-expand-5.3.0.tgz#02be076efe650125c842f5bb6fb68786fe441ed6"

jss-extend@^6.2.0:
  version "6.2.0"
  resolved "https://registry.yarnpkg.com/jss-extend/-/jss-extend-6.2.0.tgz#4af09d0b72fb98ee229970f8ca852fec1ca2a8dc"
  dependencies:
    warning "^3.0.0"

jss-global@^3.0.0:
  version "3.0.0"
  resolved "https://registry.yarnpkg.com/jss-global/-/jss-global-3.0.0.tgz#e19e5c91ab2b96353c227e30aa2cbd938cdaafa2"

jss-nested@^6.0.1:
  version "6.0.1"
  resolved "https://registry.yarnpkg.com/jss-nested/-/jss-nested-6.0.1.tgz#ef992b79d6e8f63d939c4397b9d99b5cbbe824ca"
  dependencies:
    warning "^3.0.0"

jss-preset-default@^4.3.0:
  version "4.5.0"
  resolved "https://registry.yarnpkg.com/jss-preset-default/-/jss-preset-default-4.5.0.tgz#d3a457012ccd7a551312014e394c23c4b301cadd"
  dependencies:
    jss-camel-case "^6.1.0"
    jss-compose "^5.0.0"
    jss-default-unit "^8.0.2"
    jss-expand "^5.3.0"
    jss-extend "^6.2.0"
    jss-global "^3.0.0"
    jss-nested "^6.0.1"
    jss-props-sort "^6.0.0"
    jss-template "^1.0.1"
    jss-vendor-prefixer "^7.0.0"

jss-props-sort@^6.0.0:
  version "6.0.0"
  resolved "https://registry.yarnpkg.com/jss-props-sort/-/jss-props-sort-6.0.0.tgz#9105101a3b5071fab61e2d85ea74cc22e9b16323"

jss-template@^1.0.1:
  version "1.0.1"
  resolved "https://registry.yarnpkg.com/jss-template/-/jss-template-1.0.1.tgz#09aed9d86cc547b07f53ef355d7e1777f7da430a"
  dependencies:
    warning "^3.0.0"

jss-vendor-prefixer@^7.0.0:
  version "7.0.0"
  resolved "https://registry.yarnpkg.com/jss-vendor-prefixer/-/jss-vendor-prefixer-7.0.0.tgz#0166729650015ef19d9f02437c73667231605c71"
  dependencies:
    css-vendor "^0.3.8"

jss@^9.7.0:
  version "9.8.1"
  resolved "https://registry.yarnpkg.com/jss/-/jss-9.8.1.tgz#e2ff250777ad657430e6edc47a63516541b888fa"
  dependencies:
    is-in-browser "^1.1.3"
    symbol-observable "^1.1.0"
    warning "^3.0.0"

lodash.debounce@^4.0.8:
  version "4.0.8"
  resolved "https://registry.yarnpkg.com/lodash.debounce/-/lodash.debounce-4.0.8.tgz#82d79bff30a67c4005ffd5e2515300ad9ca4d7af"

lodash.flattendeep@^4.4.0:
  version "4.4.0"
  resolved "https://registry.yarnpkg.com/lodash.flattendeep/-/lodash.flattendeep-4.4.0.tgz#fb030917f86a3134e5bc9bec0d69e0013ddfedb2"

lodash.get@^4.4.2:
  version "4.4.2"
  resolved "https://registry.yarnpkg.com/lodash.get/-/lodash.get-4.4.2.tgz#2d177f652fa31e939b4438d5341499dfa3825e99"

lodash@4.17.5:
  version "4.17.5"
  resolved "https://registry.yarnpkg.com/lodash/-/lodash-4.17.5.tgz#99a92d65c0272debe8c96b6057bc8fbfa3bed511"

lodash@^4.15.0, lodash@^4.17.4:
  version "4.17.10"
  resolved "https://registry.yarnpkg.com/lodash/-/lodash-4.17.10.tgz#1b7793cf7259ea38fb3661d4d38b3260af8ae4e7"

loose-envify@^1.0.0, loose-envify@^1.1.0, loose-envify@^1.3.1:
  version "1.3.1"
  resolved "https://registry.yarnpkg.com/loose-envify/-/loose-envify-1.3.1.tgz#d1a8ad33fa9ce0e713d65fdd0ac8b748d478c848"
  dependencies:
    js-tokens "^3.0.0"

ms@2.0.0:
  version "2.0.0"
  resolved "https://registry.yarnpkg.com/ms/-/ms-2.0.0.tgz#5608aeadfc00be6c2901df5f9861788de0d597c8"

nearley@^2.7.10:
  version "2.13.0"
  resolved "https://registry.yarnpkg.com/nearley/-/nearley-2.13.0.tgz#6e7b0f4e68bfc3e74c99eaef2eda39e513143439"
  dependencies:
    nomnom "~1.6.2"
    railroad-diagrams "^1.0.0"
    randexp "0.4.6"
    semver "^5.4.1"

no-scroll@^2.1.0:
  version "2.1.1"
  resolved "https://registry.yarnpkg.com/no-scroll/-/no-scroll-2.1.1.tgz#f37e08cb159b75a5bdbfc0a87cd9223e120e6e27"

node-fetch@^1.0.1:
  version "1.7.3"
  resolved "https://registry.yarnpkg.com/node-fetch/-/node-fetch-1.7.3.tgz#980f6f72d85211a5347c6b2bc18c5b84c3eb47ef"
  dependencies:
    encoding "^0.1.11"
    is-stream "^1.0.1"

nomnom@~1.6.2:
  version "1.6.2"
  resolved "https://registry.yarnpkg.com/nomnom/-/nomnom-1.6.2.tgz#84a66a260174408fc5b77a18f888eccc44fb6971"
  dependencies:
    colors "0.5.x"
    underscore "~1.4.4"

nth-check@~1.0.1:
  version "1.0.1"
  resolved "https://registry.yarnpkg.com/nth-check/-/nth-check-1.0.1.tgz#9929acdf628fc2c41098deab82ac580cf149aae4"
  dependencies:
    boolbase "~1.0.0"

object-assign@^4.1.0, object-assign@^4.1.1:
  version "4.1.1"
  resolved "https://registry.yarnpkg.com/object-assign/-/object-assign-4.1.1.tgz#2109adc7965887cfc05cbbd442cac8bfbb360863"

object-inspect@^1.5.0:
  version "1.6.0"
  resolved "https://registry.yarnpkg.com/object-inspect/-/object-inspect-1.6.0.tgz#c70b6cbf72f274aab4c34c0c82f5167bf82cf15b"

object-is@^1.0.1:
  version "1.0.1"
  resolved "https://registry.yarnpkg.com/object-is/-/object-is-1.0.1.tgz#0aa60ec9989a0b3ed795cf4d06f62cf1ad6539b6"

object-keys@^1.0.11, object-keys@^1.0.8:
  version "1.0.11"
  resolved "https://registry.yarnpkg.com/object-keys/-/object-keys-1.0.11.tgz#c54601778ad560f1142ce0e01bcca8b56d13426d"

object.assign@^4.0.4, object.assign@^4.1.0:
  version "4.1.0"
  resolved "https://registry.yarnpkg.com/object.assign/-/object.assign-4.1.0.tgz#968bf1100d7956bb3ca086f006f846b3bc4008da"
  dependencies:
    define-properties "^1.1.2"
    function-bind "^1.1.1"
    has-symbols "^1.0.0"
    object-keys "^1.0.11"

object.entries@^1.0.4:
  version "1.0.4"
  resolved "https://registry.yarnpkg.com/object.entries/-/object.entries-1.0.4.tgz#1bf9a4dd2288f5b33f3a993d257661f05d161a5f"
  dependencies:
    define-properties "^1.1.2"
    es-abstract "^1.6.1"
    function-bind "^1.1.0"
    has "^1.0.1"

object.values@^1.0.4:
  version "1.0.4"
  resolved "https://registry.yarnpkg.com/object.values/-/object.values-1.0.4.tgz#e524da09b4f66ff05df457546ec72ac99f13069a"
  dependencies:
    define-properties "^1.1.2"
    es-abstract "^1.6.1"
    function-bind "^1.1.0"
    has "^1.0.1"

parse5@^3.0.1:
  version "3.0.3"
  resolved "https://registry.yarnpkg.com/parse5/-/parse5-3.0.3.tgz#042f792ffdd36851551cf4e9e066b3874ab45b5c"
  dependencies:
    "@types/node" "*"

performance-now@^2.1.0:
  version "2.1.0"
  resolved "https://registry.yarnpkg.com/performance-now/-/performance-now-2.1.0.tgz#6309f4e0e5fa913ec1c69307ae364b4b377c9e7b"

process-nextick-args@~2.0.0:
  version "2.0.0"
  resolved "https://registry.yarnpkg.com/process-nextick-args/-/process-nextick-args-2.0.0.tgz#a37d732f4271b4ab1ad070d35508e8290788ffaa"

promise@^7.1.1:
  version "7.3.1"
  resolved "https://registry.yarnpkg.com/promise/-/promise-7.3.1.tgz#064b72602b18f90f29192b8b1bc418ffd1ebd3bf"
  dependencies:
    asap "~2.0.3"

prop-types@^15.5.8, prop-types@^15.6.0, prop-types@^15.6.1:
  version "15.6.1"
  resolved "https://registry.yarnpkg.com/prop-types/-/prop-types-15.6.1.tgz#36644453564255ddda391191fb3a125cbdf654ca"
  dependencies:
    fbjs "^0.8.16"
    loose-envify "^1.3.1"
    object-assign "^4.1.1"

raf@^3.4.0:
  version "3.4.0"
  resolved "https://registry.yarnpkg.com/raf/-/raf-3.4.0.tgz#a28876881b4bc2ca9117d4138163ddb80f781575"
  dependencies:
    performance-now "^2.1.0"

railroad-diagrams@^1.0.0:
  version "1.0.0"
  resolved "https://registry.yarnpkg.com/railroad-diagrams/-/railroad-diagrams-1.0.0.tgz#eb7e6267548ddedfb899c1b90e57374559cddb7e"

ramda@^0.25.0:
  version "0.25.0"
  resolved "https://registry.yarnpkg.com/ramda/-/ramda-0.25.0.tgz#8fdf68231cffa90bc2f9460390a0cb74a29b29a9"

randexp@0.4.6:
  version "0.4.6"
  resolved "https://registry.yarnpkg.com/randexp/-/randexp-0.4.6.tgz#e986ad5e5e31dae13ddd6f7b3019aa7c87f60ca3"
  dependencies:
    discontinuous-range "1.0.0"
    ret "~0.1.10"

react-apollo@~2.1.3:
  version "2.1.4"
  resolved "https://registry.yarnpkg.com/react-apollo/-/react-apollo-2.1.4.tgz#a51059ac56f1a7997cad636a5d36398b9c93ff12"
  dependencies:
    fbjs "^0.8.16"
    hoist-non-react-statics "^2.5.0"
    invariant "^2.2.2"
    lodash "4.17.5"
    prop-types "^15.6.0"

react-dom@^16.3.2:
  version "16.3.2"
  resolved "https://registry.yarnpkg.com/react-dom/-/react-dom-16.3.2.tgz#cb90f107e09536d683d84ed5d4888e9640e0e4df"
  dependencies:
    fbjs "^0.8.16"
    loose-envify "^1.1.0"
    object-assign "^4.1.1"
    prop-types "^15.6.0"

react-intl@^2.4.0:
  version "2.4.0"
  resolved "https://registry.yarnpkg.com/react-intl/-/react-intl-2.4.0.tgz#66c14dc9df9a73b2fbbfbd6021726e80a613eb15"
  dependencies:
    intl-format-cache "^2.0.5"
    intl-messageformat "^2.1.0"
    intl-relativeformat "^2.0.0"
    invariant "^2.1.1"

react-is@^16.3.2:
  version "16.3.2"
  resolved "https://registry.yarnpkg.com/react-is/-/react-is-16.3.2.tgz#f4d3d0e2f5fbb6ac46450641eb2e25bf05d36b22"

react-jss@^8.1.0:
  version "8.4.0"
  resolved "https://registry.yarnpkg.com/react-jss/-/react-jss-8.4.0.tgz#7cb43d85dea56afafc8f0fd072ae27fcc0518950"
  dependencies:
    hoist-non-react-statics "^2.3.1"
    jss "^9.7.0"
    jss-preset-default "^4.3.0"
    prop-types "^15.6.0"
    theming "^1.3.0"

react-minimalist-portal@^2.1.1:
  version "2.3.0"
  resolved "https://registry.yarnpkg.com/react-minimalist-portal/-/react-minimalist-portal-2.3.0.tgz#5f1c4fb6f249f7c89048214721ce39c5a1e484f9"
  dependencies:
    prop-types "^15.6.1"

react-reconciler@^0.7.0:
  version "0.7.0"
  resolved "https://registry.yarnpkg.com/react-reconciler/-/react-reconciler-0.7.0.tgz#9614894103e5f138deeeb5eabaf3ee80eb1d026d"
  dependencies:
    fbjs "^0.8.16"
    loose-envify "^1.1.0"
    object-assign "^4.1.1"
    prop-types "^15.6.0"

react-responsive-modal@^2.0.1:
  version "2.1.0"
  resolved "https://registry.yarnpkg.com/react-responsive-modal/-/react-responsive-modal-2.1.0.tgz#3ed5ef5f7f42872791f09c5e50bc5aae2b06b1a4"
  dependencies:
    classnames "^2.2.5"
    no-scroll "^2.1.0"
    prop-types "^15.6.0"
    react-jss "^8.1.0"
    react-minimalist-portal "^2.1.1"
    react-transition-group "^2.2.1"

react-share@^2.1.1:
  version "2.1.1"
  resolved "https://registry.yarnpkg.com/react-share/-/react-share-2.1.1.tgz#611c9d5a45412a628ebd8202863f32f2507ce742"
  dependencies:
    babel-runtime "^6.6.1"
    classnames "^2.2.5"
    jsonp "^0.2.1"
    prop-types "^15.5.8"

react-slick@^0.23.1:
  version "0.23.1"
  resolved "https://registry.yarnpkg.com/react-slick/-/react-slick-0.23.1.tgz#15791c4107f0ba3a5688d5bd97b7b7ceaa0dd181"
  dependencies:
    classnames "^2.2.5"
    enquire.js "^2.1.6"
    json2mq "^0.2.0"
    lodash.debounce "^4.0.8"
    resize-observer-polyfill "^1.5.0"

react-test-renderer@^16.0.0-0:
  version "16.3.2"
  resolved "https://registry.yarnpkg.com/react-test-renderer/-/react-test-renderer-16.3.2.tgz#3d1ed74fda8db42521fdf03328e933312214749a"
  dependencies:
    fbjs "^0.8.16"
    object-assign "^4.1.1"
    prop-types "^15.6.0"
    react-is "^16.3.2"

react-transition-group@^2.2.1:
  version "2.3.1"
  resolved "https://registry.yarnpkg.com/react-transition-group/-/react-transition-group-2.3.1.tgz#31d611b33e143a5e0f2d94c348e026a0f3b474b6"
  dependencies:
    dom-helpers "^3.3.1"
    loose-envify "^1.3.1"
    prop-types "^15.6.1"

react@^16.3.2:
  version "16.3.2"
  resolved "https://registry.yarnpkg.com/react/-/react-16.3.2.tgz#fdc8420398533a1e58872f59091b272ce2f91ea9"
  dependencies:
    fbjs "^0.8.16"
    loose-envify "^1.1.0"
    object-assign "^4.1.1"
    prop-types "^15.6.0"

readable-stream@^2.0.2:
  version "2.3.6"
  resolved "https://registry.yarnpkg.com/readable-stream/-/readable-stream-2.3.6.tgz#b11c27d88b8ff1fbe070643cf94b0c79ae1b0aaf"
  dependencies:
    core-util-is "~1.0.0"
    inherits "~2.0.3"
    isarray "~1.0.0"
    process-nextick-args "~2.0.0"
    safe-buffer "~5.1.1"
    string_decoder "~1.1.1"
    util-deprecate "~1.0.1"

regenerator-runtime@^0.11.0:
  version "0.11.1"
  resolved "https://registry.yarnpkg.com/regenerator-runtime/-/regenerator-runtime-0.11.1.tgz#be05ad7f9bf7d22e056f9726cee5017fbf19e2e9"

render@^0.1.4:
  version "0.1.4"
  resolved "https://registry.yarnpkg.com/render/-/render-0.1.4.tgz#cfb33a34e26068591d418469e23d8cc5ce1ceff5"
  dependencies:
    traverser "0.0.x"

resize-observer-polyfill@^1.5.0:
  version "1.5.0"
  resolved "https://registry.yarnpkg.com/resize-observer-polyfill/-/resize-observer-polyfill-1.5.0.tgz#660ff1d9712a2382baa2cad450a4716209f9ca69"

ret@~0.1.10:
  version "0.1.15"
  resolved "https://registry.yarnpkg.com/ret/-/ret-0.1.15.tgz#b8a4825d5bdb1fc3f6f53c2bc33f81388681c7bc"

rst-selector-parser@^2.2.3:
  version "2.2.3"
  resolved "https://registry.yarnpkg.com/rst-selector-parser/-/rst-selector-parser-2.2.3.tgz#81b230ea2fcc6066c89e3472de794285d9b03d91"
  dependencies:
    lodash.flattendeep "^4.4.0"
    nearley "^2.7.10"

safe-buffer@~5.1.0, safe-buffer@~5.1.1:
  version "5.1.2"
  resolved "https://registry.yarnpkg.com/safe-buffer/-/safe-buffer-5.1.2.tgz#991ec69d296e0313747d59bdfd2b745c35f8828d"

"safer-buffer@>= 2.1.2 < 3":
  version "2.1.2"
  resolved "https://registry.yarnpkg.com/safer-buffer/-/safer-buffer-2.1.2.tgz#44fa161b0187b9549dd84bb91802f9bd8385cd6a"

semver@^5.4.1:
  version "5.5.0"
  resolved "https://registry.yarnpkg.com/semver/-/semver-5.5.0.tgz#dc4bbc7a6ca9d916dee5d43516f0092b58f7b8ab"

setimmediate@^1.0.5:
  version "1.0.5"
  resolved "https://registry.yarnpkg.com/setimmediate/-/setimmediate-1.0.5.tgz#290cbb232e306942d7d7ea9b83732ab7856f8285"

slick-carousel@^1.8.1:
  version "1.8.1"
  resolved "https://registry.yarnpkg.com/slick-carousel/-/slick-carousel-1.8.1.tgz#a4bfb29014887bb66ce528b90bd0cda262cc8f8d"

string-convert@^0.2.0:
  version "0.2.1"
  resolved "https://registry.yarnpkg.com/string-convert/-/string-convert-0.2.1.tgz#6982cc3049fbb4cd85f8b24568b9d9bf39eeff97"

string_decoder@~1.1.1:
  version "1.1.1"
  resolved "https://registry.yarnpkg.com/string_decoder/-/string_decoder-1.1.1.tgz#9cf1611ba62685d7030ae9e4ba34149c3af03fc8"
  dependencies:
    safe-buffer "~5.1.0"

symbol-observable@^1.0.2, symbol-observable@^1.1.0:
  version "1.2.0"
  resolved "https://registry.yarnpkg.com/symbol-observable/-/symbol-observable-1.2.0.tgz#c22688aed4eab3cdc2dfeacbb561660560a00804"

theming@^1.3.0:
  version "1.3.0"
  resolved "https://registry.yarnpkg.com/theming/-/theming-1.3.0.tgz#286d5bae80be890d0adc645e5ca0498723725bdc"
  dependencies:
    brcast "^3.0.1"
    is-function "^1.0.1"
    is-plain-object "^2.0.1"
    prop-types "^15.5.8"

traverser@0.0.x:
  version "0.0.5"
  resolved "https://registry.yarnpkg.com/traverser/-/traverser-0.0.5.tgz#c66f38c456a0c21a88014b1223580c7ebe0631eb"
  dependencies:
    curry "0.0.x"

ua-parser-js@^0.7.9:
  version "0.7.18"
  resolved "https://registry.yarnpkg.com/ua-parser-js/-/ua-parser-js-0.7.18.tgz#a7bfd92f56edfb117083b69e31d2aa8882d4b1ed"

underscore@~1.4.4:
  version "1.4.4"
  resolved "https://registry.yarnpkg.com/underscore/-/underscore-1.4.4.tgz#61a6a32010622afa07963bf325203cf12239d604"

util-deprecate@~1.0.1:
  version "1.0.2"
  resolved "https://registry.yarnpkg.com/util-deprecate/-/util-deprecate-1.0.2.tgz#450d4dc9fa70de732762fbd2d4a28981419a0ccf"

vtex-tachyons@^2.3.0:
  version "2.5.1"
  resolved "https://registry.yarnpkg.com/vtex-tachyons/-/vtex-tachyons-2.5.1.tgz#a56ec6d33417886c0e8755da383088b88bf437fe"

warning@^3.0.0:
  version "3.0.0"
  resolved "https://registry.yarnpkg.com/warning/-/warning-3.0.0.tgz#32e5377cb572de4ab04753bdf8821c01ed605b7c"
  dependencies:
    loose-envify "^1.0.0"

whatwg-fetch@>=0.10.0:
  version "2.0.4"
  resolved "https://registry.yarnpkg.com/whatwg-fetch/-/whatwg-fetch-2.0.4.tgz#dde6a5df315f9d39991aa17621853d720b85566f"

zen-observable-ts@^0.8.9:
  version "0.8.9"
  resolved "https://registry.yarnpkg.com/zen-observable-ts/-/zen-observable-ts-0.8.9.tgz#d3c97af08c0afdca37ebcadf7cc3ee96bda9bab1"
  dependencies:
    zen-observable "^0.8.0"

zen-observable@^0.7.0:
  version "0.7.1"
  resolved "https://registry.yarnpkg.com/zen-observable/-/zen-observable-0.7.1.tgz#f84075c0ee085594d3566e1d6454207f126411b3"

zen-observable@^0.8.0:
  version "0.8.8"
  resolved "https://registry.yarnpkg.com/zen-observable/-/zen-observable-0.8.8.tgz#1ea93995bf098754a58215a1e0a7309e5749ec42"
